
Microsoft Visual Studio Solution File, Format Version 12.00
# Visual Studio 14
VisualStudioVersion = 14.0.25420.1
MinimumVisualStudioVersion = 10.0.40219.1
Project("{8BC9CEB8-8B4A-11D0-8D11-00A0C91BC942}") = "testMD5", "testMD5\testMD5.vcxproj", "{01CF190C-DA7B-404A-90A1-6B7A968F5659}"
EndProject
Project("{8BC9CEB8-8B4A-11D0-8D11-00A0C91BC942}") = "Encrypt", "Encrypt\Encrypt.vcxproj", "{D613A28E-9121-4CC6-BA75-AABA2386760A}"
EndProject
Global
	GlobalSection(SolutionConfigurationPlatforms) = preSolution
		Debug|x64 = Debug|x64
		Debug|x86 = Debug|x86
		Release|x64 = Release|x64
		Release|x86 = Release|x86
	EndGlobalSection
	GlobalSection(ProjectConfigurationPlatforms) = postSolution
		{01CF190C-DA7B-404A-90A1-6B7A968F5659}.Debug|x64.ActiveCfg = Debug|x64
		{01CF190C-DA7B-404A-90A1-6B7A968F5659}.Debug|x64.Build.0 = Debug|x64
		{01CF190C-DA7B-404A-90A1-6B7A968F5659}.Debug|x86.ActiveCfg = Debug|Win32
		{01CF190C-DA7B-404A-90A1-6B7A968F5659}.Debug|x86.Build.0 = Debug|Win32
		{01CF190C-DA7B-404A-90A1-6B7A968F5659}.Release|x64.ActiveCfg = Release|x64
		{01CF190C-DA7B-404A-90A1-6B7A968F5659}.Release|x64.Build.0 = Release|x64
		{01CF190C-DA7B-404A-90A1-6B7A968F5659}.Release|x86.ActiveCfg = Release|Win32
		{01CF190C-DA7B-404A-90A1-6B7A968F5659}.Release|x86.Build.0 = Release|Win32
		{D613A28E-9121-4CC6-BA75-AABA2386760A}.Debug|x64.ActiveCfg = Debug|x64
		{D613A28E-9121-4CC6-BA75-AABA2386760A}.Debug|x64.Build.0 = Debug|x64
		{D613A28E-9121-4CC6-BA75-AABA2386760A}.Debug|x86.ActiveCfg = Debug|Win32
		{D613A28E-9121-4CC6-BA75-AABA2386760A}.Debug|x86.Build.0 = Debug|Win32
		{D613A28E-9121-4CC6-BA75-AABA2386760A}.Release|x64.ActiveCfg = Release|x64
		{D613A28E-9121-4CC6-BA75-AABA2386760A}.Release|x64.Build.0 = Release|x64
		{D613A28E-9121-4CC6-BA75-AABA2386760A}.Release|x86.ActiveCfg = Release|Win32
		{D613A28E-9121-4CC6-BA75-AABA2386760A}.Release|x86.Build.0 = Release|Win32
	EndGlobalSection
	GlobalSection(SolutionProperties) = preSolution
		HideSolutionNode = FALSE
	EndGlobalSection
EndGlobal
